// !$*UTF8*$!
{
	archiveVersion = 1;
	classes = {
	};
	objectVersion = 50;
	objects = {

/* Begin PBXBuildFile section */
		861EFA452652F2BF00A084E7 /* AppDelegate.swift in Sources */ = {isa = PBXBuildFile; fileRef = 861EFA442652F2BF00A084E7 /* AppDelegate.swift */; };
		861EFA472652F2BF00A084E7 /* SceneDelegate.swift in Sources */ = {isa = PBXBuildFile; fileRef = 861EFA462652F2BF00A084E7 /* SceneDelegate.swift */; };
		861EFA492652F2BF00A084E7 /* ConversationsViewController.swift in Sources */ = {isa = PBXBuildFile; fileRef = 861EFA482652F2BF00A084E7 /* ConversationsViewController.swift */; };
		861EFA4C2652F2BF00A084E7 /* Main.storyboard in Resources */ = {isa = PBXBuildFile; fileRef = 861EFA4A2652F2BF00A084E7 /* Main.storyboard */; };
		861EFA4E2652F2C700A084E7 /* Assets.xcassets in Resources */ = {isa = PBXBuildFile; fileRef = 861EFA4D2652F2C700A084E7 /* Assets.xcassets */; };
		861EFA512652F2C700A084E7 /* LaunchScreen.storyboard in Resources */ = {isa = PBXBuildFile; fileRef = 861EFA4F2652F2C700A084E7 /* LaunchScreen.storyboard */; };
		861EFA5F265305D300A084E7 /* LoginViewController.swift in Sources */ = {isa = PBXBuildFile; fileRef = 861EFA5E265305D300A084E7 /* LoginViewController.swift */; };
		861EFA61265305F300A084E7 /* RegistrationViewController.swift in Sources */ = {isa = PBXBuildFile; fileRef = 861EFA60265305F300A084E7 /* RegistrationViewController.swift */; };
		861EFA632653063700A084E7 /* PhotoViewerViewController.swift in Sources */ = {isa = PBXBuildFile; fileRef = 861EFA622653063600A084E7 /* PhotoViewerViewController.swift */; };
		861EFA652653065500A084E7 /* VideoPlayerViewController.swift in Sources */ = {isa = PBXBuildFile; fileRef = 861EFA642653065500A084E7 /* VideoPlayerViewController.swift */; };
		861EFA67265306A300A084E7 /* NewConversationViewController.swift in Sources */ = {isa = PBXBuildFile; fileRef = 861EFA66265306A300A084E7 /* NewConversationViewController.swift */; };
		861EFA69265306B600A084E7 /* ProfileViewController.swift in Sources */ = {isa = PBXBuildFile; fileRef = 861EFA68265306B600A084E7 /* ProfileViewController.swift */; };
/* End PBXBuildFile section */

/* Begin PBXFileReference section */
		861EFA412652F2BF00A084E7 /* MessengerApp.app */ = {isa = PBXFileReference; explicitFileType = wrapper.application; includeInIndex = 0; path = MessengerApp.app; sourceTree = BUILT_PRODUCTS_DIR; };
		861EFA442652F2BF00A084E7 /* AppDelegate.swift */ = {isa = PBXFileReference; lastKnownFileType = sourcecode.swift; path = AppDelegate.swift; sourceTree = "<group>"; };
		861EFA462652F2BF00A084E7 /* SceneDelegate.swift */ = {isa = PBXFileReference; lastKnownFileType = sourcecode.swift; path = SceneDelegate.swift; sourceTree = "<group>"; };
		861EFA482652F2BF00A084E7 /* ConversationsViewController.swift */ = {isa = PBXFileReference; lastKnownFileType = sourcecode.swift; path = ConversationsViewController.swift; sourceTree = "<group>"; };
		861EFA4B2652F2BF00A084E7 /* Base */ = {isa = PBXFileReference; lastKnownFileType = file.storyboard; name = Base; path = Base.lproj/Main.storyboard; sourceTree = "<group>"; };
		861EFA4D2652F2C700A084E7 /* Assets.xcassets */ = {isa = PBXFileReference; lastKnownFileType = folder.assetcatalog; path = Assets.xcassets; sourceTree = "<group>"; };
		861EFA502652F2C700A084E7 /* Base */ = {isa = PBXFileReference; lastKnownFileType = file.storyboard; name = Base; path = Base.lproj/LaunchScreen.storyboard; sourceTree = "<group>"; };
		861EFA522652F2C700A084E7 /* Info.plist */ = {isa = PBXFileReference; lastKnownFileType = text.plist.xml; path = Info.plist; sourceTree = "<group>"; };
		861EFA5E265305D300A084E7 /* LoginViewController.swift */ = {isa = PBXFileReference; lastKnownFileType = sourcecode.swift; path = LoginViewController.swift; sourceTree = "<group>"; };
		861EFA60265305F300A084E7 /* RegistrationViewController.swift */ = {isa = PBXFileReference; lastKnownFileType = sourcecode.swift; path = RegistrationViewController.swift; sourceTree = "<group>"; };
		861EFA622653063600A084E7 /* PhotoViewerViewController.swift */ = {isa = PBXFileReference; lastKnownFileType = sourcecode.swift; path = PhotoViewerViewController.swift; sourceTree = "<group>"; };
		861EFA642653065500A084E7 /* VideoPlayerViewController.swift */ = {isa = PBXFileReference; lastKnownFileType = sourcecode.swift; path = VideoPlayerViewController.swift; sourceTree = "<group>"; };
		861EFA66265306A300A084E7 /* NewConversationViewController.swift */ = {isa = PBXFileReference; lastKnownFileType = sourcecode.swift; path = NewConversationViewController.swift; sourceTree = "<group>"; };
		861EFA68265306B600A084E7 /* ProfileViewController.swift */ = {isa = PBXFileReference; lastKnownFileType = sourcecode.swift; path = ProfileViewController.swift; sourceTree = "<group>"; };
/* End PBXFileReference section */

/* Begin PBXFrameworksBuildPhase section */
		861EFA3E2652F2BF00A084E7 /* Frameworks */ = {
			isa = PBXFrameworksBuildPhase;
			buildActionMask = 2147483647;
			files = (
			);
			runOnlyForDeploymentPostprocessing = 0;
		};
/* End PBXFrameworksBuildPhase section */

/* Begin PBXGroup section */
		861EFA382652F2BF00A084E7 = {
			isa = PBXGroup;
			children = (
				861EFA432652F2BF00A084E7 /* MessengerApp */,
				861EFA422652F2BF00A084E7 /* Products */,
			);
			sourceTree = "<group>";
		};
		861EFA422652F2BF00A084E7 /* Products */ = {
			isa = PBXGroup;
			children = (
				861EFA412652F2BF00A084E7 /* MessengerApp.app */,
			);
			name = Products;
			sourceTree = "<group>";
		};
		861EFA432652F2BF00A084E7 /* MessengerApp */ = {
			isa = PBXGroup;
			children = (
				861EFA5C2652F44A00A084E7 /* Resources */,
				861EFA5B2652F44000A084E7 /* ViewModels */,
				861EFA5A2652F42500A084E7 /* Models */,
				861EFA592652F41D00A084E7 /* Views */,
				861EFA582652F41300A084E7 /* Controllers */,
				861EFA522652F2C700A084E7 /* Info.plist */,
			);
			path = MessengerApp;
			sourceTree = "<group>";
		};
		861EFA582652F41300A084E7 /* Controllers */ = {
			isa = PBXGroup;
			children = (
				861EFA482652F2BF00A084E7 /* ConversationsViewController.swift */,
				861EFA5E265305D300A084E7 /* LoginViewController.swift */,
				861EFA60265305F300A084E7 /* RegistrationViewController.swift */,
				861EFA622653063600A084E7 /* PhotoViewerViewController.swift */,
				861EFA642653065500A084E7 /* VideoPlayerViewController.swift */,
				861EFA66265306A300A084E7 /* NewConversationViewController.swift */,
				861EFA68265306B600A084E7 /* ProfileViewController.swift */,
			);
			path = Controllers;
			sourceTree = "<group>";
		};
		861EFA592652F41D00A084E7 /* Views */ = {
			isa = PBXGroup;
			children = (
				861EFA5D2652F49C00A084E7 /* Storyboards */,
				861EFA4D2652F2C700A084E7 /* Assets.xcassets */,
			);
			path = Views;
			sourceTree = "<group>";
		};
		861EFA5A2652F42500A084E7 /* Models */ = {
			isa = PBXGroup;
			children = (
			);
			path = Models;
			sourceTree = "<group>";
		};
		861EFA5B2652F44000A084E7 /* ViewModels */ = {
			isa = PBXGroup;
			children = (
			);
			path = ViewModels;
			sourceTree = "<group>";
		};
		861EFA5C2652F44A00A084E7 /* Resources */ = {
			isa = PBXGroup;
			children = (
				861EFA442652F2BF00A084E7 /* AppDelegate.swift */,
				861EFA462652F2BF00A084E7 /* SceneDelegate.swift */,
			);
			path = Resources;
			sourceTree = "<group>";
		};
		861EFA5D2652F49C00A084E7 /* Storyboards */ = {
			isa = PBXGroup;
			children = (
				861EFA4A2652F2BF00A084E7 /* Main.storyboard */,
				861EFA4F2652F2C700A084E7 /* LaunchScreen.storyboard */,
			);
			path = Storyboards;
			sourceTree = "<group>";
		};
/* End PBXGroup section */

/* Begin PBXNativeTarget section */
		861EFA402652F2BF00A084E7 /* MessengerApp */ = {
			isa = PBXNativeTarget;
			buildConfigurationList = 861EFA552652F2C700A084E7 /* Build configuration list for PBXNativeTarget "MessengerApp" */;
			buildPhases = (
				861EFA3D2652F2BF00A084E7 /* Sources */,
				861EFA3E2652F2BF00A084E7 /* Frameworks */,
				861EFA3F2652F2BF00A084E7 /* Resources */,
			);
			buildRules = (
			);
			dependencies = (
			);
			name = MessengerApp;
			productName = MessengerApp;
			productReference = 861EFA412652F2BF00A084E7 /* MessengerApp.app */;
			productType = "com.apple.product-type.application";
		};
/* End PBXNativeTarget section */

/* Begin PBXProject section */
		861EFA392652F2BF00A084E7 /* Project object */ = {
			isa = PBXProject;
			attributes = {
				LastSwiftUpdateCheck = 1250;
				LastUpgradeCheck = 1250;
				TargetAttributes = {
					861EFA402652F2BF00A084E7 = {
						CreatedOnToolsVersion = 12.5;
					};
				};
			};
			buildConfigurationList = 861EFA3C2652F2BF00A084E7 /* Build configuration list for PBXProject "MessengerApp" */;
			compatibilityVersion = "Xcode 9.3";
			developmentRegion = en;
			hasScannedForEncodings = 0;
			knownRegions = (
				en,
				Base,
			);
			mainGroup = 861EFA382652F2BF00A084E7;
			productRefGroup = 861EFA422652F2BF00A084E7 /* Products */;
			projectDirPath = "";
			projectRoot = "";
			targets = (
				861EFA402652F2BF00A084E7 /* MessengerApp */,
			);
		};
/* End PBXProject section */

/* Begin PBXResourcesBuildPhase section */
		861EFA3F2652F2BF00A084E7 /* Resources */ = {
			isa = PBXResourcesBuildPhase;
			buildActionMask = 2147483647;
			files = (
				861EFA512652F2C700A084E7 /* LaunchScreen.storyboard in Resources */,
				861EFA4E2652F2C700A084E7 /* Assets.xcassets in Resources */,
				861EFA4C2652F2BF00A084E7 /* Main.storyboard in Resources */,
			);
			runOnlyForDeploymentPostprocessing = 0;
		};
/* End PBXResourcesBuildPhase section */

/* Begin PBXSourcesBuildPhase section */
		861EFA3D2652F2BF00A084E7 /* Sources */ = {
			isa = PBXSourcesBuildPhase;
			buildActionMask = 2147483647;
			files = (
				861EFA5F265305D300A084E7 /* LoginViewController.swift in Sources */,
				861EFA492652F2BF00A084E7 /* ConversationsViewController.swift in Sources */,
				861EFA67265306A300A084E7 /* NewConversationViewController.swift in Sources */,
				861EFA452652F2BF00A084E7 /* AppDelegate.swift in Sources */,
				861EFA652653065500A084E7 /* VideoPlayerViewController.swift in Sources */,
				861EFA472652F2BF00A084E7 /* SceneDelegate.swift in Sources */,
				861EFA69265306B600A084E7 /* ProfileViewController.swift in Sources */,
				861EFA61265305F300A084E7 /* RegistrationViewController.swift in Sources */,
				861EFA632653063700A084E7 /* PhotoViewerViewController.swift in Sources */,
			);
			runOnlyForDeploymentPostprocessing = 0;
		};
/* End PBXSourcesBuildPhase section */

/* Begin PBXVariantGroup section */
		861EFA4A2652F2BF00A084E7 /* Main.storyboard */ = {
			isa = PBXVariantGroup;
			children = (
				861EFA4B2652F2BF00A084E7 /* Base */,
			);
			name = Main.storyboard;
			sourceTree = "<group>";
		};
		861EFA4F2652F2C700A084E7 /* LaunchScreen.storyboard */ = {
			isa = PBXVariantGroup;
			children = (
				861EFA502652F2C700A084E7 /* Base */,
			);
			name = LaunchScreen.storyboard;
			sourceTree = "<group>";
		};
/* End PBXVariantGroup section */

/* Begin XCBuildConfiguration section */
		861EFA532652F2C700A084E7 /* Debug */ = {
			isa = XCBuildConfiguration;
			buildSettings = {
				ALWAYS_SEARCH_USER_PATHS = NO;
				CLANG_ANALYZER_NONNULL = YES;
				CLANG_ANALYZER_NUMBER_OBJECT_CONVERSION = YES_AGGRESSIVE;
				CLANG_CXX_LANGUAGE_STANDARD = "gnu++14";
				CLANG_CXX_LIBRARY = "libc++";
				CLANG_ENABLE_MODULES = YES;
				CLANG_ENABLE_OBJC_ARC = YES;
				CLANG_ENABLE_OBJC_WEAK = YES;
				CLANG_WARN_BLOCK_CAPTURE_AUTORELEASING = YES;
				CLANG_WARN_BOOL_CONVERSION = YES;
				CLANG_WARN_COMMA = YES;
				CLANG_WARN_CONSTANT_CONVERSION = YES;
				CLANG_WARN_DEPRECATED_OBJC_IMPLEMENTATIONS = YES;
				CLANG_WARN_DIRECT_OBJC_ISA_USAGE = YES_ERROR;
				CLANG_WARN_DOCUMENTATION_COMMENTS = YES;
				CLANG_WARN_EMPTY_BODY = YES;
				CLANG_WARN_ENUM_CONVERSION = YES;
				CLANG_WARN_INFINITE_RECURSION = YES;
				CLANG_WARN_INT_CONVERSION = YES;
				CLANG_WARN_NON_LITERAL_NULL_CONVERSION = YES;
				CLANG_WARN_OBJC_IMPLICIT_RETAIN_SELF = YES;
				CLANG_WARN_OBJC_LITERAL_CONVERSION = YES;
				CLANG_WARN_OBJC_ROOT_CLASS = YES_ERROR;
				CLANG_WARN_QUOTED_INCLUDE_IN_FRAMEWORK_HEADER = YES;
				CLANG_WARN_RANGE_LOOP_ANALYSIS = YES;
				CLANG_WARN_STRICT_PROTOTYPES = YES;
				CLANG_WARN_SUSPICIOUS_MOVE = YES;
				CLANG_WARN_UNGUARDED_AVAILABILITY = YES_AGGRESSIVE;
				CLANG_WARN_UNREACHABLE_CODE = YES;
				CLANG_WARN__DUPLICATE_METHOD_MATCH = YES;
				COPY_PHASE_STRIP = NO;
				DEBUG_INFORMATION_FORMAT = dwarf;
				ENABLE_STRICT_OBJC_MSGSEND = YES;
				ENABLE_TESTABILITY = YES;
				GCC_C_LANGUAGE_STANDARD = gnu11;
				GCC_DYNAMIC_NO_PIC = NO;
				GCC_NO_COMMON_BLOCKS = YES;
				GCC_OPTIMIZATION_LEVEL = 0;
				GCC_PREPROCESSOR_DEFINITIONS = (
					"DEBUG=1",
					"$(inherited)",
				);
				GCC_WARN_64_TO_32_BIT_CONVERSION = YES;
				GCC_WARN_ABOUT_RETURN_TYPE = YES_ERROR;
				GCC_WARN_UNDECLARED_SELECTOR = YES;
				GCC_WARN_UNINITIALIZED_AUTOS = YES_AGGRESSIVE;
				GCC_WARN_UNUSED_FUNCTION = YES;
				GCC_WARN_UNUSED_VARIABLE = YES;
				IPHONEOS_DEPLOYMENT_TARGET = 14.5;
				MTL_ENABLE_DEBUG_INFO = INCLUDE_SOURCE;
				MTL_FAST_MATH = YES;
				ONLY_ACTIVE_ARCH = YES;
				SDKROOT = iphoneos;
				SWIFT_ACTIVE_COMPILATION_CONDITIONS = DEBUG;
				SWIFT_OPTIMIZATION_LEVEL = "-Onone";
			};
			name = Debug;
		};
		861EFA542652F2C700A084E7 /* Release */ = {
			isa = XCBuildConfiguration;
			buildSettings = {
				ALWAYS_SEARCH_USER_PATHS = NO;
				CLANG_ANALYZER_NONNULL = YES;
				CLANG_ANALYZER_NUMBER_OBJECT_CONVERSION = YES_AGGRESSIVE;
				CLANG_CXX_LANGUAGE_STANDARD = "gnu++14";
				CLANG_CXX_LIBRARY = "libc++";
				CLANG_ENABLE_MODULES = YES;
				CLANG_ENABLE_OBJC_ARC = YES;
				CLANG_ENABLE_OBJC_WEAK = YES;
				CLANG_WARN_BLOCK_CAPTURE_AUTORELEASING = YES;
				CLANG_WARN_BOOL_CONVERSION = YES;
				CLANG_WARN_COMMA = YES;
				CLANG_WARN_CONSTANT_CONVERSION = YES;
				CLANG_WARN_DEPRECATED_OBJC_IMPLEMENTATIONS = YES;
				CLANG_WARN_DIRECT_OBJC_ISA_USAGE = YES_ERROR;
				CLANG_WARN_DOCUMENTATION_COMMENTS = YES;
				CLANG_WARN_EMPTY_BODY = YES;
				CLANG_WARN_ENUM_CONVERSION = YES;
				CLANG_WARN_INFINITE_RECURSION = YES;
				CLANG_WARN_INT_CONVERSION = YES;
				CLANG_WARN_NON_LITERAL_NULL_CONVERSION = YES;
				CLANG_WARN_OBJC_IMPLICIT_RETAIN_SELF = YES;
				CLANG_WARN_OBJC_LITERAL_CONVERSION = YES;
				CLANG_WARN_OBJC_ROOT_CLASS = YES_ERROR;
				CLANG_WARN_QUOTED_INCLUDE_IN_FRAMEWORK_HEADER = YES;
				CLANG_WARN_RANGE_LOOP_ANALYSIS = YES;
				CLANG_WARN_STRICT_PROTOTYPES = YES;
				CLANG_WARN_SUSPICIOUS_MOVE = YES;
				CLANG_WARN_UNGUARDED_AVAILABILITY = YES_AGGRESSIVE;
				CLANG_WARN_UNREACHABLE_CODE = YES;
				CLANG_WARN__DUPLICATE_METHOD_MATCH = YES;
				COPY_PHASE_STRIP = NO;
				DEBUG_INFORMATION_FORMAT = "dwarf-with-dsym";
				ENABLE_NS_ASSERTIONS = NO;
				ENABLE_STRICT_OBJC_MSGSEND = YES;
				GCC_C_LANGUAGE_STANDARD = gnu11;
				GCC_NO_COMMON_BLOCKS = YES;
				GCC_WARN_64_TO_32_BIT_CONVERSION = YES;
				GCC_WARN_ABOUT_RETURN_TYPE = YES_ERROR;
				GCC_WARN_UNDECLARED_SELECTOR = YES;
				GCC_WARN_UNINITIALIZED_AUTOS = YES_AGGRESSIVE;
				GCC_WARN_UNUSED_FUNCTION = YES;
				GCC_WARN_UNUSED_VARIABLE = YES;
				IPHONEOS_DEPLOYMENT_TARGET = 14.5;
				MTL_ENABLE_DEBUG_INFO = NO;
				MTL_FAST_MATH = YES;
				SDKROOT = iphoneos;
				SWIFT_COMPILATION_MODE = wholemodule;
				SWIFT_OPTIMIZATION_LEVEL = "-O";
				VALIDATE_PRODUCT = YES;
			};
			name = Release;
		};
		861EFA562652F2C700A084E7 /* Debug */ = {
			isa = XCBuildConfiguration;
			buildSettings = {
				ASSETCATALOG_COMPILER_APPICON_NAME = AppIcon;
				ASSETCATALOG_COMPILER_GLOBAL_ACCENT_COLOR_NAME = AccentColor;
				CODE_SIGN_STYLE = Automatic;
				DEVELOPMENT_TEAM = UWD3FW95SL;
				INFOPLIST_FILE = MessengerApp/Info.plist;
				LD_RUNPATH_SEARCH_PATHS = (
					"$(inherited)",
					"@executable_path/Frameworks",
				);
				PRODUCT_BUNDLE_IDENTIFIER = ru.golubev.MessengerApp;
				PRODUCT_NAME = "$(TARGET_NAME)";
				SWIFT_VERSION = 5.0;
				TARGETED_DEVICE_FAMILY = "1,2";
			};
			name = Debug;
		};
		861EFA572652F2C700A084E7 /* Release */ = {
			isa = XCBuildConfiguration;
			buildSettings = {
				ASSETCATALOG_COMPILER_APPICON_NAME = AppIcon;
				ASSETCATALOG_COMPILER_GLOBAL_ACCENT_COLOR_NAME = AccentColor;
				CODE_SIGN_STYLE = Automatic;
				DEVELOPMENT_TEAM = UWD3FW95SL;
				INFOPLIST_FILE = MessengerApp/Info.plist;
				LD_RUNPATH_SEARCH_PATHS = (
					"$(inherited)",
					"@executable_path/Frameworks",
				);
				PRODUCT_BUNDLE_IDENTIFIER = ru.golubev.MessengerApp;
				PRODUCT_NAME = "$(TARGET_NAME)";
				SWIFT_VERSION = 5.0;
				TARGETED_DEVICE_FAMILY = "1,2";
			};
			name = Release;
		};
/* End XCBuildConfiguration section */

/* Begin XCConfigurationList section */
		861EFA3C2652F2BF00A084E7 /* Build configuration list for PBXProject "MessengerApp" */ = {
			isa = XCConfigurationList;
			buildConfigurations = (
				861EFA532652F2C700A084E7 /* Debug */,
				861EFA542652F2C700A084E7 /* Release */,
			);
			defaultConfigurationIsVisible = 0;
			defaultConfigurationName = Release;
		};
		861EFA552652F2C700A084E7 /* Build configuration list for PBXNativeTarget "MessengerApp" */ = {
			isa = XCConfigurationList;
			buildConfigurations = (
				861EFA562652F2C700A084E7 /* Debug */,
				861EFA572652F2C700A084E7 /* Release */,
			);
			defaultConfigurationIsVisible = 0;
			defaultConfigurationName = Release;
		};
/* End XCConfigurationList section */
	};
	rootObject = 861EFA392652F2BF00A084E7 /* Project object */;
}
